
Microsoft Visual Studio Solution File, Format Version 12.00
# Visual Studio Version 17
VisualStudioVersion = 17.4.33213.308
MinimumVisualStudioVersion = 10.0.40219.1
Project("{FAE04EC0-301F-11D3-BF4B-00C04F79EFBC}") = "Land-Vision", "Land-Vision.csproj", "{B10E80CF-A253-4332-B7D5-3BA8C39F483B}"
EndProject
Global
	GlobalSection(SolutionConfigurationPlatforms) = preSolution
		Debug|Any CPU = Debug|Any CPU
		Release|Any CPU = Release|Any CPU
	EndGlobalSection
	GlobalSection(ProjectConfigurationPlatforms) = postSolution
		{B10E80CF-A253-4332-B7D5-3BA8C39F483B}.Debug|Any CPU.ActiveCfg = Debug|Any CPU
		{B10E80CF-A253-4332-B7D5-3BA8C39F483B}.Debug|Any CPU.Build.0 = Debug|Any CPU
		{B10E80CF-A253-4332-B7D5-3BA8C39F483B}.Release|Any CPU.ActiveCfg = Release|Any CPU
		{B10E80CF-A253-4332-B7D5-3BA8C39F483B}.Release|Any CPU.Build.0 = Release|Any CPU
	EndGlobalSection
	GlobalSection(SolutionProperties) = preSolution
		HideSolutionNode = FALSE
	EndGlobalSection
	GlobalSection(ExtensibilityGlobals) = postSolution
		SolutionGuid = {05FC11AD-EF30-4FA6-B36C-1170D877AA25}
	EndGlobalSection
EndGlobal
